// !$*UTF8*$!
{
	archiveVersion = 1;
	classes = {
	};
	objectVersion = 46;
	objects = {

/* Begin PBXBuildFile section */
		12910B1319C8EFE00026333F /* ASCTableViewController.xib in Resources */ = {isa = PBXBuildFile; fileRef = 12910B1219C8EFE00026333F /* ASCTableViewController.xib */; };
		12910B1519C8F05A0026333F /* ASCDetailViewController.xib in Resources */ = {isa = PBXBuildFile; fileRef = 12910B1419C8F05A0026333F /* ASCDetailViewController.xib */; };
		E0AC3E1919C8AE760020D354 /* Foundation.framework in Frameworks */ = {isa = PBXBuildFile; fileRef = E0AC3E1819C8AE760020D354 /* Foundation.framework */; };
		E0AC3E1B19C8AE760020D354 /* CoreGraphics.framework in Frameworks */ = {isa = PBXBuildFile; fileRef = E0AC3E1A19C8AE760020D354 /* CoreGraphics.framework */; };
		E0AC3E1D19C8AE760020D354 /* UIKit.framework in Frameworks */ = {isa = PBXBuildFile; fileRef = E0AC3E1C19C8AE760020D354 /* UIKit.framework */; };
		E0AC3E2319C8AE770020D354 /* InfoPlist.strings in Resources */ = {isa = PBXBuildFile; fileRef = E0AC3E2119C8AE770020D354 /* InfoPlist.strings */; };
		E0AC3E2519C8AE770020D354 /* main.m in Sources */ = {isa = PBXBuildFile; fileRef = E0AC3E2419C8AE770020D354 /* main.m */; };
		E0AC3E2919C8AE770020D354 /* ASCAppDelegate.m in Sources */ = {isa = PBXBuildFile; fileRef = E0AC3E2819C8AE770020D354 /* ASCAppDelegate.m */; };
		E0AC3E2B19C8AE770020D354 /* Images.xcassets in Resources */ = {isa = PBXBuildFile; fileRef = E0AC3E2A19C8AE770020D354 /* Images.xcassets */; };
		E0AC3E3219C8AE770020D354 /* XCTest.framework in Frameworks */ = {isa = PBXBuildFile; fileRef = E0AC3E3119C8AE770020D354 /* XCTest.framework */; };
		E0AC3E3319C8AE770020D354 /* Foundation.framework in Frameworks */ = {isa = PBXBuildFile; fileRef = E0AC3E1819C8AE760020D354 /* Foundation.framework */; };
		E0AC3E3419C8AE770020D354 /* UIKit.framework in Frameworks */ = {isa = PBXBuildFile; fileRef = E0AC3E1C19C8AE760020D354 /* UIKit.framework */; };
		E0AC3E3C19C8AE770020D354 /* InfoPlist.strings in Resources */ = {isa = PBXBuildFile; fileRef = E0AC3E3A19C8AE770020D354 /* InfoPlist.strings */; };
		E0AC3E3E19C8AE770020D354 /* Desafio_Split_View_ControllerTests.m in Sources */ = {isa = PBXBuildFile; fileRef = E0AC3E3D19C8AE770020D354 /* Desafio_Split_View_ControllerTests.m */; };
		E0AC3E4C19C8AEE30020D354 /* ASCItem.m in Sources */ = {isa = PBXBuildFile; fileRef = E0AC3E4B19C8AEE30020D354 /* ASCItem.m */; };
		E0AC3E5419C8BB880020D354 /* ASCItemStore.m in Sources */ = {isa = PBXBuildFile; fileRef = E0AC3E5319C8BB880020D354 /* ASCItemStore.m */; };
		E0AC3E5819C8C7000020D354 /* ASCDetailViewController.m in Sources */ = {isa = PBXBuildFile; fileRef = E0AC3E5619C8C7000020D354 /* ASCDetailViewController.m */; };
		E0AC3E5D19C8CA380020D354 /* ASCTableViewController.m in Sources */ = {isa = PBXBuildFile; fileRef = E0AC3E5B19C8CA380020D354 /* ASCTableViewController.m */; };
/* End PBXBuildFile section */

/* Begin PBXContainerItemProxy section */
		E0AC3E3519C8AE770020D354 /* PBXContainerItemProxy */ = {
			isa = PBXContainerItemProxy;
			containerPortal = E0AC3E0D19C8AE760020D354 /* Project object */;
			proxyType = 1;
			remoteGlobalIDString = E0AC3E1419C8AE760020D354;
			remoteInfo = Desafio_Split_View_Controller;
		};
/* End PBXContainerItemProxy section */

/* Begin PBXFileReference section */
		12910B1219C8EFE00026333F /* ASCTableViewController.xib */ = {isa = PBXFileReference; fileEncoding = 4; lastKnownFileType = file.xib; path = ASCTableViewController.xib; sourceTree = "<group>"; };
		12910B1419C8F05A0026333F /* ASCDetailViewController.xib */ = {isa = PBXFileReference; fileEncoding = 4; lastKnownFileType = file.xib; path = ASCDetailViewController.xib; sourceTree = "<group>"; };
		E0AC3E1519C8AE760020D354 /* Desafio_Split_View_Controller.app */ = {isa = PBXFileReference; explicitFileType = wrapper.application; includeInIndex = 0; path = Desafio_Split_View_Controller.app; sourceTree = BUILT_PRODUCTS_DIR; };
		E0AC3E1819C8AE760020D354 /* Foundation.framework */ = {isa = PBXFileReference; lastKnownFileType = wrapper.framework; name = Foundation.framework; path = System/Library/Frameworks/Foundation.framework; sourceTree = SDKROOT; };
		E0AC3E1A19C8AE760020D354 /* CoreGraphics.framework */ = {isa = PBXFileReference; lastKnownFileType = wrapper.framework; name = CoreGraphics.framework; path = System/Library/Frameworks/CoreGraphics.framework; sourceTree = SDKROOT; };
		E0AC3E1C19C8AE760020D354 /* UIKit.framework */ = {isa = PBXFileReference; lastKnownFileType = wrapper.framework; name = UIKit.framework; path = System/Library/Frameworks/UIKit.framework; sourceTree = SDKROOT; };
		E0AC3E2019C8AE760020D354 /* Desafio_Split_View_Controller-Info.plist */ = {isa = PBXFileReference; lastKnownFileType = text.plist.xml; path = "Desafio_Split_View_Controller-Info.plist"; sourceTree = "<group>"; };
		E0AC3E2219C8AE770020D354 /* en */ = {isa = PBXFileReference; lastKnownFileType = text.plist.strings; name = en; path = en.lproj/InfoPlist.strings; sourceTree = "<group>"; };
		E0AC3E2419C8AE770020D354 /* main.m */ = {isa = PBXFileReference; lastKnownFileType = sourcecode.c.objc; path = main.m; sourceTree = "<group>"; };
		E0AC3E2619C8AE770020D354 /* Desafio_Split_View_Controller-Prefix.pch */ = {isa = PBXFileReference; lastKnownFileType = sourcecode.c.h; path = "Desafio_Split_View_Controller-Prefix.pch"; sourceTree = "<group>"; };
		E0AC3E2719C8AE770020D354 /* ASCAppDelegate.h */ = {isa = PBXFileReference; lastKnownFileType = sourcecode.c.h; path = ASCAppDelegate.h; sourceTree = "<group>"; };
		E0AC3E2819C8AE770020D354 /* ASCAppDelegate.m */ = {isa = PBXFileReference; lastKnownFileType = sourcecode.c.objc; path = ASCAppDelegate.m; sourceTree = "<group>"; };
		E0AC3E2A19C8AE770020D354 /* Images.xcassets */ = {isa = PBXFileReference; lastKnownFileType = folder.assetcatalog; path = Images.xcassets; sourceTree = "<group>"; };
		E0AC3E3019C8AE770020D354 /* Desafio_Split_View_ControllerTests.xctest */ = {isa = PBXFileReference; explicitFileType = wrapper.cfbundle; includeInIndex = 0; path = Desafio_Split_View_ControllerTests.xctest; sourceTree = BUILT_PRODUCTS_DIR; };
		E0AC3E3119C8AE770020D354 /* XCTest.framework */ = {isa = PBXFileReference; lastKnownFileType = wrapper.framework; name = XCTest.framework; path = Library/Frameworks/XCTest.framework; sourceTree = DEVELOPER_DIR; };
		E0AC3E3919C8AE770020D354 /* Desafio_Split_View_ControllerTests-Info.plist */ = {isa = PBXFileReference; lastKnownFileType = text.plist.xml; path = "Desafio_Split_View_ControllerTests-Info.plist"; sourceTree = "<group>"; };
		E0AC3E3B19C8AE770020D354 /* en */ = {isa = PBXFileReference; lastKnownFileType = text.plist.strings; name = en; path = en.lproj/InfoPlist.strings; sourceTree = "<group>"; };
		E0AC3E3D19C8AE770020D354 /* Desafio_Split_View_ControllerTests.m */ = {isa = PBXFileReference; lastKnownFileType = sourcecode.c.objc; path = Desafio_Split_View_ControllerTests.m; sourceTree = "<group>"; };
		E0AC3E4A19C8AEE30020D354 /* ASCItem.h */ = {isa = PBXFileReference; fileEncoding = 4; lastKnownFileType = sourcecode.c.h; path = ASCItem.h; sourceTree = "<group>"; };
		E0AC3E4B19C8AEE30020D354 /* ASCItem.m */ = {isa = PBXFileReference; fileEncoding = 4; lastKnownFileType = sourcecode.c.objc; path = ASCItem.m; sourceTree = "<group>"; };
		E0AC3E5219C8BB880020D354 /* ASCItemStore.h */ = {isa = PBXFileReference; fileEncoding = 4; lastKnownFileType = sourcecode.c.h; path = ASCItemStore.h; sourceTree = "<group>"; };
		E0AC3E5319C8BB880020D354 /* ASCItemStore.m */ = {isa = PBXFileReference; fileEncoding = 4; lastKnownFileType = sourcecode.c.objc; path = ASCItemStore.m; sourceTree = "<group>"; };
		E0AC3E5519C8C7000020D354 /* ASCDetailViewController.h */ = {isa = PBXFileReference; fileEncoding = 4; lastKnownFileType = sourcecode.c.h; path = ASCDetailViewController.h; sourceTree = "<group>"; };
		E0AC3E5619C8C7000020D354 /* ASCDetailViewController.m */ = {isa = PBXFileReference; fileEncoding = 4; lastKnownFileType = sourcecode.c.objc; path = ASCDetailViewController.m; sourceTree = "<group>"; };
		E0AC3E5A19C8CA380020D354 /* ASCTableViewController.h */ = {isa = PBXFileReference; fileEncoding = 4; lastKnownFileType = sourcecode.c.h; path = ASCTableViewController.h; sourceTree = "<group>"; };
		E0AC3E5B19C8CA380020D354 /* ASCTableViewController.m */ = {isa = PBXFileReference; fileEncoding = 4; lastKnownFileType = sourcecode.c.objc; path = ASCTableViewController.m; sourceTree = "<group>"; };
/* End PBXFileReference section */

/* Begin PBXFrameworksBuildPhase section */
		E0AC3E1219C8AE760020D354 /* Frameworks */ = {
			isa = PBXFrameworksBuildPhase;
			buildActionMask = 2147483647;
			files = (
				E0AC3E1B19C8AE760020D354 /* CoreGraphics.framework in Frameworks */,
				E0AC3E1D19C8AE760020D354 /* UIKit.framework in Frameworks */,
				E0AC3E1919C8AE760020D354 /* Foundation.framework in Frameworks */,
			);
			runOnlyForDeploymentPostprocessing = 0;
		};
		E0AC3E2D19C8AE770020D354 /* Frameworks */ = {
			isa = PBXFrameworksBuildPhase;
			buildActionMask = 2147483647;
			files = (
				E0AC3E3219C8AE770020D354 /* XCTest.framework in Frameworks */,
				E0AC3E3419C8AE770020D354 /* UIKit.framework in Frameworks */,
				E0AC3E3319C8AE770020D354 /* Foundation.framework in Frameworks */,
			);
			runOnlyForDeploymentPostprocessing = 0;
		};
/* End PBXFrameworksBuildPhase section */

/* Begin PBXGroup section */
		E0AC3E0C19C8AE760020D354 = {
			isa = PBXGroup;
			children = (
				12910B1419C8F05A0026333F /* ASCDetailViewController.xib */,
				12910B1219C8EFE00026333F /* ASCTableViewController.xib */,
				E0AC3E5A19C8CA380020D354 /* ASCTableViewController.h */,
				E0AC3E5B19C8CA380020D354 /* ASCTableViewController.m */,
				E0AC3E5519C8C7000020D354 /* ASCDetailViewController.h */,
				E0AC3E5619C8C7000020D354 /* ASCDetailViewController.m */,
				E0AC3E5219C8BB880020D354 /* ASCItemStore.h */,
				E0AC3E5319C8BB880020D354 /* ASCItemStore.m */,
				E0AC3E4A19C8AEE30020D354 /* ASCItem.h */,
				E0AC3E4B19C8AEE30020D354 /* ASCItem.m */,
				E0AC3E1E19C8AE760020D354 /* Desafio_Split_View_Controller */,
				E0AC3E3719C8AE770020D354 /* Desafio_Split_View_ControllerTests */,
				E0AC3E1719C8AE760020D354 /* Frameworks */,
				E0AC3E1619C8AE760020D354 /* Products */,
			);
			sourceTree = "<group>";
		};
		E0AC3E1619C8AE760020D354 /* Products */ = {
			isa = PBXGroup;
			children = (
				E0AC3E1519C8AE760020D354 /* Desafio_Split_View_Controller.app */,
				E0AC3E3019C8AE770020D354 /* Desafio_Split_View_ControllerTests.xctest */,
			);
			name = Products;
			sourceTree = "<group>";
		};
		E0AC3E1719C8AE760020D354 /* Frameworks */ = {
			isa = PBXGroup;
			children = (
				E0AC3E1819C8AE760020D354 /* Foundation.framework */,
				E0AC3E1A19C8AE760020D354 /* CoreGraphics.framework */,
				E0AC3E1C19C8AE760020D354 /* UIKit.framework */,
				E0AC3E3119C8AE770020D354 /* XCTest.framework */,
			);
			name = Frameworks;
			sourceTree = "<group>";
		};
		E0AC3E1E19C8AE760020D354 /* Desafio_Split_View_Controller */ = {
			isa = PBXGroup;
			children = (
				E0AC3E2719C8AE770020D354 /* ASCAppDelegate.h */,
				E0AC3E2819C8AE770020D354 /* ASCAppDelegate.m */,
				E0AC3E2A19C8AE770020D354 /* Images.xcassets */,
				E0AC3E1F19C8AE760020D354 /* Supporting Files */,
			);
			path = Desafio_Split_View_Controller;
			sourceTree = "<group>";
		};
		E0AC3E1F19C8AE760020D354 /* Supporting Files */ = {
			isa = PBXGroup;
			children = (
				E0AC3E2019C8AE760020D354 /* Desafio_Split_View_Controller-Info.plist */,
				E0AC3E2119C8AE770020D354 /* InfoPlist.strings */,
				E0AC3E2419C8AE770020D354 /* main.m */,
				E0AC3E2619C8AE770020D354 /* Desafio_Split_View_Controller-Prefix.pch */,
			);
			name = "Supporting Files";
			sourceTree = "<group>";
		};
		E0AC3E3719C8AE770020D354 /* Desafio_Split_View_ControllerTests */ = {
			isa = PBXGroup;
			children = (
				E0AC3E3D19C8AE770020D354 /* Desafio_Split_View_ControllerTests.m */,
				E0AC3E3819C8AE770020D354 /* Supporting Files */,
			);
			path = Desafio_Split_View_ControllerTests;
			sourceTree = "<group>";
		};
		E0AC3E3819C8AE770020D354 /* Supporting Files */ = {
			isa = PBXGroup;
			children = (
				E0AC3E3919C8AE770020D354 /* Desafio_Split_View_ControllerTests-Info.plist */,
				E0AC3E3A19C8AE770020D354 /* InfoPlist.strings */,
			);
			name = "Supporting Files";
			sourceTree = "<group>";
		};
/* End PBXGroup section */

/* Begin PBXNativeTarget section */
		E0AC3E1419C8AE760020D354 /* Desafio_Split_View_Controller */ = {
			isa = PBXNativeTarget;
			buildConfigurationList = E0AC3E4119C8AE770020D354 /* Build configuration list for PBXNativeTarget "Desafio_Split_View_Controller" */;
			buildPhases = (
				E0AC3E1119C8AE760020D354 /* Sources */,
				E0AC3E1219C8AE760020D354 /* Frameworks */,
				E0AC3E1319C8AE760020D354 /* Resources */,
			);
			buildRules = (
			);
			dependencies = (
			);
			name = Desafio_Split_View_Controller;
			productName = Desafio_Split_View_Controller;
			productReference = E0AC3E1519C8AE760020D354 /* Desafio_Split_View_Controller.app */;
			productType = "com.apple.product-type.application";
		};
		E0AC3E2F19C8AE770020D354 /* Desafio_Split_View_ControllerTests */ = {
			isa = PBXNativeTarget;
			buildConfigurationList = E0AC3E4419C8AE770020D354 /* Build configuration list for PBXNativeTarget "Desafio_Split_View_ControllerTests" */;
			buildPhases = (
				E0AC3E2C19C8AE770020D354 /* Sources */,
				E0AC3E2D19C8AE770020D354 /* Frameworks */,
				E0AC3E2E19C8AE770020D354 /* Resources */,
			);
			buildRules = (
			);
			dependencies = (
				E0AC3E3619C8AE770020D354 /* PBXTargetDependency */,
			);
			name = Desafio_Split_View_ControllerTests;
			productName = Desafio_Split_View_ControllerTests;
			productReference = E0AC3E3019C8AE770020D354 /* Desafio_Split_View_ControllerTests.xctest */;
			productType = "com.apple.product-type.bundle.unit-test";
		};
/* End PBXNativeTarget section */

/* Begin PBXProject section */
		E0AC3E0D19C8AE760020D354 /* Project object */ = {
			isa = PBXProject;
			attributes = {
				CLASSPREFIX = ASC;
				LastUpgradeCheck = 0510;
				ORGANIZATIONNAME = "Alex De Souza Campelo Lima";
				TargetAttributes = {
					E0AC3E2F19C8AE770020D354 = {
						TestTargetID = E0AC3E1419C8AE760020D354;
					};
				};
			};
			buildConfigurationList = E0AC3E1019C8AE760020D354 /* Build configuration list for PBXProject "Desafio_Split_View_Controller" */;
			compatibilityVersion = "Xcode 3.2";
			developmentRegion = English;
			hasScannedForEncodings = 0;
			knownRegions = (
				en,
			);
			mainGroup = E0AC3E0C19C8AE760020D354;
			productRefGroup = E0AC3E1619C8AE760020D354 /* Products */;
			projectDirPath = "";
			projectRoot = "";
			targets = (
				E0AC3E1419C8AE760020D354 /* Desafio_Split_View_Controller */,
				E0AC3E2F19C8AE770020D354 /* Desafio_Split_View_ControllerTests */,
			);
		};
/* End PBXProject section */

/* Begin PBXResourcesBuildPhase section */
		E0AC3E1319C8AE760020D354 /* Resources */ = {
			isa = PBXResourcesBuildPhase;
			buildActionMask = 2147483647;
			files = (
				E0AC3E2319C8AE770020D354 /* InfoPlist.strings in Resources */,
				E0AC3E2B19C8AE770020D354 /* Images.xcassets in Resources */,
				12910B1319C8EFE00026333F /* ASCTableViewController.xib in Resources */,
				12910B1519C8F05A0026333F /* ASCDetailViewController.xib in Resources */,
			);
			runOnlyForDeploymentPostprocessing = 0;
		};
		E0AC3E2E19C8AE770020D354 /* Resources */ = {
			isa = PBXResourcesBuildPhase;
			buildActionMask = 2147483647;
			files = (
				E0AC3E3C19C8AE770020D354 /* InfoPlist.strings in Resources */,
			);
			runOnlyForDeploymentPostprocessing = 0;
		};
/* End PBXResourcesBuildPhase section */

/* Begin PBXSourcesBuildPhase section */
		E0AC3E1119C8AE760020D354 /* Sources */ = {
			isa = PBXSourcesBuildPhase;
			buildActionMask = 2147483647;
			files = (
				E0AC3E5419C8BB880020D354 /* ASCItemStore.m in Sources */,
				E0AC3E4C19C8AEE30020D354 /* ASCItem.m in Sources */,
				E0AC3E2919C8AE770020D354 /* ASCAppDelegate.m in Sources */,
				E0AC3E2519C8AE770020D354 /* main.m in Sources */,
				E0AC3E5819C8C7000020D354 /* ASCDetailViewController.m in Sources */,
				E0AC3E5D19C8CA380020D354 /* ASCTableViewController.m in Sources */,
			);
			runOnlyForDeploymentPostprocessing = 0;
		};
		E0AC3E2C19C8AE770020D354 /* Sources */ = {
			isa = PBXSourcesBuildPhase;
			buildActionMask = 2147483647;
			files = (
				E0AC3E3E19C8AE770020D354 /* Desafio_Split_View_ControllerTests.m in Sources */,
			);
			runOnlyForDeploymentPostprocessing = 0;
		};
/* End PBXSourcesBuildPhase section */

/* Begin PBXTargetDependency section */
		E0AC3E3619C8AE770020D354 /* PBXTargetDependency */ = {
			isa = PBXTargetDependency;
			target = E0AC3E1419C8AE760020D354 /* Desafio_Split_View_Controller */;
			targetProxy = E0AC3E3519C8AE770020D354 /* PBXContainerItemProxy */;
		};
/* End PBXTargetDependency section */

/* Begin PBXVariantGroup section */
		E0AC3E2119C8AE770020D354 /* InfoPlist.strings */ = {
			isa = PBXVariantGroup;
			children = (
				E0AC3E2219C8AE770020D354 /* en */,
			);
			name = InfoPlist.strings;
			sourceTree = "<group>";
		};
		E0AC3E3A19C8AE770020D354 /* InfoPlist.strings */ = {
			isa = PBXVariantGroup;
			children = (
				E0AC3E3B19C8AE770020D354 /* en */,
			);
			name = InfoPlist.strings;
			sourceTree = "<group>";
		};
/* End PBXVariantGroup section */

/* Begin XCBuildConfiguration section */
		E0AC3E3F19C8AE770020D354 /* Debug */ = {
			isa = XCBuildConfiguration;
			buildSettings = {
				ALWAYS_SEARCH_USER_PATHS = NO;
				CLANG_CXX_LANGUAGE_STANDARD = "gnu++0x";
				CLANG_CXX_LIBRARY = "libc++";
				CLANG_ENABLE_MODULES = YES;
				CLANG_ENABLE_OBJC_ARC = YES;
				CLANG_WARN_BOOL_CONVERSION = YES;
				CLANG_WARN_CONSTANT_CONVERSION = YES;
				CLANG_WARN_DIRECT_OBJC_ISA_USAGE = YES_ERROR;
				CLANG_WARN_EMPTY_BODY = YES;
				CLANG_WARN_ENUM_CONVERSION = YES;
				CLANG_WARN_INT_CONVERSION = YES;
				CLANG_WARN_OBJC_ROOT_CLASS = YES_ERROR;
				CLANG_WARN__DUPLICATE_METHOD_MATCH = YES;
				"CODE_SIGN_IDENTITY[sdk=iphoneos*]" = "iPhone Developer";
				COPY_PHASE_STRIP = NO;
				GCC_C_LANGUAGE_STANDARD = gnu99;
				GCC_DYNAMIC_NO_PIC = NO;
				GCC_OPTIMIZATION_LEVEL = 0;
				GCC_PREPROCESSOR_DEFINITIONS = (
					"DEBUG=1",
					"$(inherited)",
				);
				GCC_SYMBOLS_PRIVATE_EXTERN = NO;
				GCC_WARN_64_TO_32_BIT_CONVERSION = YES;
				GCC_WARN_ABOUT_RETURN_TYPE = YES_ERROR;
				GCC_WARN_UNDECLARED_SELECTOR = YES;
				GCC_WARN_UNINITIALIZED_AUTOS = YES_AGGRESSIVE;
				GCC_WARN_UNUSED_FUNCTION = YES;
				GCC_WARN_UNUSED_VARIABLE = YES;
				IPHONEOS_DEPLOYMENT_TARGET = 7.1;
				ONLY_ACTIVE_ARCH = YES;
				SDKROOT = iphoneos;
				TARGETED_DEVICE_FAMILY = "1,2";
			};
			name = Debug;
		};
		E0AC3E4019C8AE770020D354 /* Release */ = {
			isa = XCBuildConfiguration;
			buildSettings = {
				ALWAYS_SEARCH_USER_PATHS = NO;
				CLANG_CXX_LANGUAGE_STANDARD = "gnu++0x";
				CLANG_CXX_LIBRARY = "libc++";
				CLANG_ENABLE_MODULES = YES;
				CLANG_ENABLE_OBJC_ARC = YES;
				CLANG_WARN_BOOL_CONVERSION = YES;
				CLANG_WARN_CONSTANT_CONVERSION = YES;
				CLANG_WARN_DIRECT_OBJC_ISA_USAGE = YES_ERROR;
				CLANG_WARN_EMPTY_BODY = YES;
				CLANG_WARN_ENUM_CONVERSION = YES;
				CLANG_WARN_INT_CONVERSION = YES;
				CLANG_WARN_OBJC_ROOT_CLASS = YES_ERROR;
				CLANG_WARN__DUPLICATE_METHOD_MATCH = YES;
				"CODE_SIGN_IDENTITY[sdk=iphoneos*]" = "iPhone Developer";
				COPY_PHASE_STRIP = YES;
				ENABLE_NS_ASSERTIONS = NO;
				GCC_C_LANGUAGE_STANDARD = gnu99;
				GCC_WARN_64_TO_32_BIT_CONVERSION = YES;
				GCC_WARN_ABOUT_RETURN_TYPE = YES_ERROR;
				GCC_WARN_UNDECLARED_SELECTOR = YES;
				GCC_WARN_UNINITIALIZED_AUTOS = YES_AGGRESSIVE;
				GCC_WARN_UNUSED_FUNCTION = YES;
				GCC_WARN_UNUSED_VARIABLE = YES;
				IPHONEOS_DEPLOYMENT_TARGET = 7.1;
				SDKROOT = iphoneos;
				TARGETED_DEVICE_FAMILY = "1,2";
				VALIDATE_PRODUCT = YES;
			};
			name = Release;
		};
		E0AC3E4219C8AE770020D354 /* Debug */ = {
			isa = XCBuildConfiguration;
			buildSettings = {
				ASSETCATALOG_COMPILER_APPICON_NAME = AppIcon;
				ASSETCATALOG_COMPILER_LAUNCHIMAGE_NAME = LaunchImage;
				GCC_PRECOMPILE_PREFIX_HEADER = YES;
				GCC_PREFIX_HEADER = "Desafio_Split_View_Controller/Desafio_Split_View_Controller-Prefix.pch";
				INFOPLIST_FILE = "Desafio_Split_View_Controller/Desafio_Split_View_Controller-Info.plist";
				IPHONEOS_DEPLOYMENT_TARGET = 6.1;
				PRODUCT_NAME = "$(TARGET_NAME)";
				WRAPPER_EXTENSION = app;
			};
			name = Debug;
		};
		E0AC3E4319C8AE770020D354 /* Release */ = {
			isa = XCBuildConfiguration;
			buildSettings = {
				ASSETCATALOG_COMPILER_APPICON_NAME = AppIcon;
				ASSETCATALOG_COMPILER_LAUNCHIMAGE_NAME = LaunchImage;
				GCC_PRECOMPILE_PREFIX_HEADER = YES;
				GCC_PREFIX_HEADER = "Desafio_Split_View_Controller/Desafio_Split_View_Controller-Prefix.pch";
				INFOPLIST_FILE = "Desafio_Split_View_Controller/Desafio_Split_View_Controller-Info.plist";
				IPHONEOS_DEPLOYMENT_TARGET = 6.1;
				PRODUCT_NAME = "$(TARGET_NAME)";
				WRAPPER_EXTENSION = app;
			};
			name = Release;
		};
		E0AC3E4519C8AE770020D354 /* Debug */ = {
			isa = XCBuildConfiguration;
			buildSettings = {
				BUNDLE_LOADER = "$(BUILT_PRODUCTS_DIR)/Desafio_Split_View_Controller.app/Desafio_Split_View_Controller";
				FRAMEWORK_SEARCH_PATHS = (
					"$(SDKROOT)/Developer/Library/Frameworks",
					"$(inherited)",
					"$(DEVELOPER_FRAMEWORKS_DIR)",
				);
				GCC_PRECOMPILE_PREFIX_HEADER = YES;
				GCC_PREFIX_HEADER = "Desafio_Split_View_Controller/Desafio_Split_View_Controller-Prefix.pch";
				GCC_PREPROCESSOR_DEFINITIONS = (
					"DEBUG=1",
					"$(inherited)",
				);
				INFOPLIST_FILE = "Desafio_Split_View_ControllerTests/Desafio_Split_View_ControllerTests-Info.plist";
				PRODUCT_NAME = "$(TARGET_NAME)";
				TEST_HOST = "$(BUNDLE_LOADER)";
				WRAPPER_EXTENSION = xctest;
			};
			name = Debug;
		};
		E0AC3E4619C8AE770020D354 /* Release */ = {
			isa = XCBuildConfiguration;
			buildSettings = {
				BUNDLE_LOADER = "$(BUILT_PRODUCTS_DIR)/Desafio_Split_View_Controller.app/Desafio_Split_View_Controller";
				FRAMEWORK_SEARCH_PATHS = (
					"$(SDKROOT)/Developer/Library/Frameworks",
					"$(inherited)",
					"$(DEVELOPER_FRAMEWORKS_DIR)",
				);
				GCC_PRECOMPILE_PREFIX_HEADER = YES;
				GCC_PREFIX_HEADER = "Desafio_Split_View_Controller/Desafio_Split_View_Controller-Prefix.pch";
				INFOPLIST_FILE = "Desafio_Split_View_ControllerTests/Desafio_Split_View_ControllerTests-Info.plist";
				PRODUCT_NAME = "$(TARGET_NAME)";
				TEST_HOST = "$(BUNDLE_LOADER)";
				WRAPPER_EXTENSION = xctest;
			};
			name = Release;
		};
/* End XCBuildConfiguration section */

/* Begin XCConfigurationList section */
		E0AC3E1019C8AE760020D354 /* Build configuration list for PBXProject "Desafio_Split_View_Controller" */ = {
			isa = XCConfigurationList;
			buildConfigurations = (
				E0AC3E3F19C8AE770020D354 /* Debug */,
				E0AC3E4019C8AE770020D354 /* Release */,
			);
			defaultConfigurationIsVisible = 0;
			defaultConfigurationName = Release;
		};
		E0AC3E4119C8AE770020D354 /* Build configuration list for PBXNativeTarget "Desafio_Split_View_Controller" */ = {
			isa = XCConfigurationList;
			buildConfigurations = (
				E0AC3E4219C8AE770020D354 /* Debug */,
				E0AC3E4319C8AE770020D354 /* Release */,
			);
			defaultConfigurationIsVisible = 0;
			defaultConfigurationName = Release;
		};
		E0AC3E4419C8AE770020D354 /* Build configuration list for PBXNativeTarget "Desafio_Split_View_ControllerTests" */ = {
			isa = XCConfigurationList;
			buildConfigurations = (
				E0AC3E4519C8AE770020D354 /* Debug */,
				E0AC3E4619C8AE770020D354 /* Release */,
			);
			defaultConfigurationIsVisible = 0;
			defaultConfigurationName = Release;
		};
/* End XCConfigurationList section */
	};
	rootObject = E0AC3E0D19C8AE760020D354 /* Project object */;
}
