// !$*UTF8*$!
{
	archiveVersion = 1;
	classes = {
	};
	objectVersion = 46;
	objects = {

/* Begin PBXBuildFile section */
		E0B78276192E680A001413B7 /* Foundation.framework in Frameworks */ = {isa = PBXBuildFile; fileRef = E0B78275192E680A001413B7 /* Foundation.framework */; };
		E0B78278192E680A001413B7 /* CoreGraphics.framework in Frameworks */ = {isa = PBXBuildFile; fileRef = E0B78277192E680A001413B7 /* CoreGraphics.framework */; };
		E0B7827A192E680A001413B7 /* UIKit.framework in Frameworks */ = {isa = PBXBuildFile; fileRef = E0B78279192E680A001413B7 /* UIKit.framework */; };
		E0B78280192E680A001413B7 /* InfoPlist.strings in Resources */ = {isa = PBXBuildFile; fileRef = E0B7827E192E680A001413B7 /* InfoPlist.strings */; };
		E0B78282192E680A001413B7 /* main.m in Sources */ = {isa = PBXBuildFile; fileRef = E0B78281192E680A001413B7 /* main.m */; };
		E0B78286192E680A001413B7 /* AppDelegate.m in Sources */ = {isa = PBXBuildFile; fileRef = E0B78285192E680A001413B7 /* AppDelegate.m */; };
		E0B78288192E680A001413B7 /* Images.xcassets in Resources */ = {isa = PBXBuildFile; fileRef = E0B78287192E680A001413B7 /* Images.xcassets */; };
		E0B7828F192E680A001413B7 /* XCTest.framework in Frameworks */ = {isa = PBXBuildFile; fileRef = E0B7828E192E680A001413B7 /* XCTest.framework */; };
		E0B78290192E680A001413B7 /* Foundation.framework in Frameworks */ = {isa = PBXBuildFile; fileRef = E0B78275192E680A001413B7 /* Foundation.framework */; };
		E0B78291192E680A001413B7 /* UIKit.framework in Frameworks */ = {isa = PBXBuildFile; fileRef = E0B78279192E680A001413B7 /* UIKit.framework */; };
		E0B78299192E680B001413B7 /* InfoPlist.strings in Resources */ = {isa = PBXBuildFile; fileRef = E0B78297192E680B001413B7 /* InfoPlist.strings */; };
		E0B7829B192E680B001413B7 /* DesafioFotoTests.m in Sources */ = {isa = PBXBuildFile; fileRef = E0B7829A192E680B001413B7 /* DesafioFotoTests.m */; };
		E0B782AB192E68BA001413B7 /* ALScrollPageViewController.m in Sources */ = {isa = PBXBuildFile; fileRef = E0B782A5192E68BA001413B7 /* ALScrollPageViewController.m */; };
		E0B782AC192E68BA001413B7 /* ALScrollPageViewController.xib in Resources */ = {isa = PBXBuildFile; fileRef = E0B782A6192E68BA001413B7 /* ALScrollPageViewController.xib */; };
		E0B782B7192E6C12001413B7 /* FotosView.m in Sources */ = {isa = PBXBuildFile; fileRef = E0B782B6192E6C12001413B7 /* FotosView.m */; };
		E0B782B9192E6FD5001413B7 /* Aerodactyl.png in Resources */ = {isa = PBXBuildFile; fileRef = E0B782B8192E6FD5001413B7 /* Aerodactyl.png */; };
/* End PBXBuildFile section */

/* Begin PBXContainerItemProxy section */
		E0B78292192E680B001413B7 /* PBXContainerItemProxy */ = {
			isa = PBXContainerItemProxy;
			containerPortal = E0B7826A192E680A001413B7 /* Project object */;
			proxyType = 1;
			remoteGlobalIDString = E0B78271192E680A001413B7;
			remoteInfo = DesafioFoto;
		};
/* End PBXContainerItemProxy section */

/* Begin PBXFileReference section */
		E0B78272192E680A001413B7 /* DesafioFoto.app */ = {isa = PBXFileReference; explicitFileType = wrapper.application; includeInIndex = 0; path = DesafioFoto.app; sourceTree = BUILT_PRODUCTS_DIR; };
		E0B78275192E680A001413B7 /* Foundation.framework */ = {isa = PBXFileReference; lastKnownFileType = wrapper.framework; name = Foundation.framework; path = System/Library/Frameworks/Foundation.framework; sourceTree = SDKROOT; };
		E0B78277192E680A001413B7 /* CoreGraphics.framework */ = {isa = PBXFileReference; lastKnownFileType = wrapper.framework; name = CoreGraphics.framework; path = System/Library/Frameworks/CoreGraphics.framework; sourceTree = SDKROOT; };
		E0B78279192E680A001413B7 /* UIKit.framework */ = {isa = PBXFileReference; lastKnownFileType = wrapper.framework; name = UIKit.framework; path = System/Library/Frameworks/UIKit.framework; sourceTree = SDKROOT; };
		E0B7827D192E680A001413B7 /* DesafioFoto-Info.plist */ = {isa = PBXFileReference; lastKnownFileType = text.plist.xml; path = "DesafioFoto-Info.plist"; sourceTree = "<group>"; };
		E0B7827F192E680A001413B7 /* en */ = {isa = PBXFileReference; lastKnownFileType = text.plist.strings; name = en; path = en.lproj/InfoPlist.strings; sourceTree = "<group>"; };
		E0B78281192E680A001413B7 /* main.m */ = {isa = PBXFileReference; lastKnownFileType = sourcecode.c.objc; path = main.m; sourceTree = "<group>"; };
		E0B78283192E680A001413B7 /* DesafioFoto-Prefix.pch */ = {isa = PBXFileReference; lastKnownFileType = sourcecode.c.h; path = "DesafioFoto-Prefix.pch"; sourceTree = "<group>"; };
		E0B78284192E680A001413B7 /* AppDelegate.h */ = {isa = PBXFileReference; lastKnownFileType = sourcecode.c.h; path = AppDelegate.h; sourceTree = "<group>"; };
		E0B78285192E680A001413B7 /* AppDelegate.m */ = {isa = PBXFileReference; lastKnownFileType = sourcecode.c.objc; path = AppDelegate.m; sourceTree = "<group>"; };
		E0B78287192E680A001413B7 /* Images.xcassets */ = {isa = PBXFileReference; lastKnownFileType = folder.assetcatalog; path = Images.xcassets; sourceTree = "<group>"; };
		E0B7828D192E680A001413B7 /* DesafioFotoTests.xctest */ = {isa = PBXFileReference; explicitFileType = wrapper.cfbundle; includeInIndex = 0; path = DesafioFotoTests.xctest; sourceTree = BUILT_PRODUCTS_DIR; };
		E0B7828E192E680A001413B7 /* XCTest.framework */ = {isa = PBXFileReference; lastKnownFileType = wrapper.framework; name = XCTest.framework; path = Library/Frameworks/XCTest.framework; sourceTree = DEVELOPER_DIR; };
		E0B78296192E680B001413B7 /* DesafioFotoTests-Info.plist */ = {isa = PBXFileReference; lastKnownFileType = text.plist.xml; path = "DesafioFotoTests-Info.plist"; sourceTree = "<group>"; };
		E0B78298192E680B001413B7 /* en */ = {isa = PBXFileReference; lastKnownFileType = text.plist.strings; name = en; path = en.lproj/InfoPlist.strings; sourceTree = "<group>"; };
		E0B7829A192E680B001413B7 /* DesafioFotoTests.m */ = {isa = PBXFileReference; lastKnownFileType = sourcecode.c.objc; path = DesafioFotoTests.m; sourceTree = "<group>"; };
		E0B782A4192E68BA001413B7 /* ALScrollPageViewController.h */ = {isa = PBXFileReference; fileEncoding = 4; lastKnownFileType = sourcecode.c.h; path = ALScrollPageViewController.h; sourceTree = "<group>"; };
		E0B782A5192E68BA001413B7 /* ALScrollPageViewController.m */ = {isa = PBXFileReference; fileEncoding = 4; lastKnownFileType = sourcecode.c.objc; path = ALScrollPageViewController.m; sourceTree = "<group>"; };
		E0B782A6192E68BA001413B7 /* ALScrollPageViewController.xib */ = {isa = PBXFileReference; fileEncoding = 4; lastKnownFileType = file.xib; path = ALScrollPageViewController.xib; sourceTree = "<group>"; };
		E0B782B5192E6C12001413B7 /* FotosView.h */ = {isa = PBXFileReference; fileEncoding = 4; lastKnownFileType = sourcecode.c.h; path = FotosView.h; sourceTree = "<group>"; };
		E0B782B6192E6C12001413B7 /* FotosView.m */ = {isa = PBXFileReference; fileEncoding = 4; lastKnownFileType = sourcecode.c.objc; path = FotosView.m; sourceTree = "<group>"; };
		E0B782B8192E6FD5001413B7 /* Aerodactyl.png */ = {isa = PBXFileReference; lastKnownFileType = image.png; path = Aerodactyl.png; sourceTree = "<group>"; };
/* End PBXFileReference section */

/* Begin PBXFrameworksBuildPhase section */
		E0B7826F192E680A001413B7 /* Frameworks */ = {
			isa = PBXFrameworksBuildPhase;
			buildActionMask = 2147483647;
			files = (
				E0B78278192E680A001413B7 /* CoreGraphics.framework in Frameworks */,
				E0B7827A192E680A001413B7 /* UIKit.framework in Frameworks */,
				E0B78276192E680A001413B7 /* Foundation.framework in Frameworks */,
			);
			runOnlyForDeploymentPostprocessing = 0;
		};
		E0B7828A192E680A001413B7 /* Frameworks */ = {
			isa = PBXFrameworksBuildPhase;
			buildActionMask = 2147483647;
			files = (
				E0B7828F192E680A001413B7 /* XCTest.framework in Frameworks */,
				E0B78291192E680A001413B7 /* UIKit.framework in Frameworks */,
				E0B78290192E680A001413B7 /* Foundation.framework in Frameworks */,
			);
			runOnlyForDeploymentPostprocessing = 0;
		};
/* End PBXFrameworksBuildPhase section */

/* Begin PBXGroup section */
		E0B78269192E680A001413B7 = {
			isa = PBXGroup;
			children = (
				E0B782B8192E6FD5001413B7 /* Aerodactyl.png */,
				E0B782B5192E6C12001413B7 /* FotosView.h */,
				E0B782B6192E6C12001413B7 /* FotosView.m */,
				E0B782A4192E68BA001413B7 /* ALScrollPageViewController.h */,
				E0B782A5192E68BA001413B7 /* ALScrollPageViewController.m */,
				E0B782A6192E68BA001413B7 /* ALScrollPageViewController.xib */,
				E0B7827B192E680A001413B7 /* DesafioFoto */,
				E0B78294192E680B001413B7 /* DesafioFotoTests */,
				E0B78274192E680A001413B7 /* Frameworks */,
				E0B78273192E680A001413B7 /* Products */,
			);
			sourceTree = "<group>";
		};
		E0B78273192E680A001413B7 /* Products */ = {
			isa = PBXGroup;
			children = (
				E0B78272192E680A001413B7 /* DesafioFoto.app */,
				E0B7828D192E680A001413B7 /* DesafioFotoTests.xctest */,
			);
			name = Products;
			sourceTree = "<group>";
		};
		E0B78274192E680A001413B7 /* Frameworks */ = {
			isa = PBXGroup;
			children = (
				E0B78275192E680A001413B7 /* Foundation.framework */,
				E0B78277192E680A001413B7 /* CoreGraphics.framework */,
				E0B78279192E680A001413B7 /* UIKit.framework */,
				E0B7828E192E680A001413B7 /* XCTest.framework */,
			);
			name = Frameworks;
			sourceTree = "<group>";
		};
		E0B7827B192E680A001413B7 /* DesafioFoto */ = {
			isa = PBXGroup;
			children = (
				E0B78284192E680A001413B7 /* AppDelegate.h */,
				E0B78285192E680A001413B7 /* AppDelegate.m */,
				E0B78287192E680A001413B7 /* Images.xcassets */,
				E0B7827C192E680A001413B7 /* Supporting Files */,
			);
			path = DesafioFoto;
			sourceTree = "<group>";
		};
		E0B7827C192E680A001413B7 /* Supporting Files */ = {
			isa = PBXGroup;
			children = (
				E0B7827D192E680A001413B7 /* DesafioFoto-Info.plist */,
				E0B7827E192E680A001413B7 /* InfoPlist.strings */,
				E0B78281192E680A001413B7 /* main.m */,
				E0B78283192E680A001413B7 /* DesafioFoto-Prefix.pch */,
			);
			name = "Supporting Files";
			sourceTree = "<group>";
		};
		E0B78294192E680B001413B7 /* DesafioFotoTests */ = {
			isa = PBXGroup;
			children = (
				E0B7829A192E680B001413B7 /* DesafioFotoTests.m */,
				E0B78295192E680B001413B7 /* Supporting Files */,
			);
			path = DesafioFotoTests;
			sourceTree = "<group>";
		};
		E0B78295192E680B001413B7 /* Supporting Files */ = {
			isa = PBXGroup;
			children = (
				E0B78296192E680B001413B7 /* DesafioFotoTests-Info.plist */,
				E0B78297192E680B001413B7 /* InfoPlist.strings */,
			);
			name = "Supporting Files";
			sourceTree = "<group>";
		};
/* End PBXGroup section */

/* Begin PBXNativeTarget section */
		E0B78271192E680A001413B7 /* DesafioFoto */ = {
			isa = PBXNativeTarget;
			buildConfigurationList = E0B7829E192E680B001413B7 /* Build configuration list for PBXNativeTarget "DesafioFoto" */;
			buildPhases = (
				E0B7826E192E680A001413B7 /* Sources */,
				E0B7826F192E680A001413B7 /* Frameworks */,
				E0B78270192E680A001413B7 /* Resources */,
			);
			buildRules = (
			);
			dependencies = (
			);
			name = DesafioFoto;
			productName = DesafioFoto;
			productReference = E0B78272192E680A001413B7 /* DesafioFoto.app */;
			productType = "com.apple.product-type.application";
		};
		E0B7828C192E680A001413B7 /* DesafioFotoTests */ = {
			isa = PBXNativeTarget;
			buildConfigurationList = E0B782A1192E680B001413B7 /* Build configuration list for PBXNativeTarget "DesafioFotoTests" */;
			buildPhases = (
				E0B78289192E680A001413B7 /* Sources */,
				E0B7828A192E680A001413B7 /* Frameworks */,
				E0B7828B192E680A001413B7 /* Resources */,
			);
			buildRules = (
			);
			dependencies = (
				E0B78293192E680B001413B7 /* PBXTargetDependency */,
			);
			name = DesafioFotoTests;
			productName = DesafioFotoTests;
			productReference = E0B7828D192E680A001413B7 /* DesafioFotoTests.xctest */;
			productType = "com.apple.product-type.bundle.unit-test";
		};
/* End PBXNativeTarget section */

/* Begin PBXProject section */
		E0B7826A192E680A001413B7 /* Project object */ = {
			isa = PBXProject;
			attributes = {
				LastUpgradeCheck = 0510;
				ORGANIZATIONNAME = "Alex De Souza Campelo Lima";
				TargetAttributes = {
					E0B7828C192E680A001413B7 = {
						TestTargetID = E0B78271192E680A001413B7;
					};
				};
			};
			buildConfigurationList = E0B7826D192E680A001413B7 /* Build configuration list for PBXProject "DesafioFoto" */;
			compatibilityVersion = "Xcode 3.2";
			developmentRegion = English;
			hasScannedForEncodings = 0;
			knownRegions = (
				en,
			);
			mainGroup = E0B78269192E680A001413B7;
			productRefGroup = E0B78273192E680A001413B7 /* Products */;
			projectDirPath = "";
			projectRoot = "";
			targets = (
				E0B78271192E680A001413B7 /* DesafioFoto */,
				E0B7828C192E680A001413B7 /* DesafioFotoTests */,
			);
		};
/* End PBXProject section */

/* Begin PBXResourcesBuildPhase section */
		E0B78270192E680A001413B7 /* Resources */ = {
			isa = PBXResourcesBuildPhase;
			buildActionMask = 2147483647;
			files = (
				E0B78280192E680A001413B7 /* InfoPlist.strings in Resources */,
				E0B782B9192E6FD5001413B7 /* Aerodactyl.png in Resources */,
				E0B782AC192E68BA001413B7 /* ALScrollPageViewController.xib in Resources */,
				E0B78288192E680A001413B7 /* Images.xcassets in Resources */,
			);
			runOnlyForDeploymentPostprocessing = 0;
		};
		E0B7828B192E680A001413B7 /* Resources */ = {
			isa = PBXResourcesBuildPhase;
			buildActionMask = 2147483647;
			files = (
				E0B78299192E680B001413B7 /* InfoPlist.strings in Resources */,
			);
			runOnlyForDeploymentPostprocessing = 0;
		};
/* End PBXResourcesBuildPhase section */

/* Begin PBXSourcesBuildPhase section */
		E0B7826E192E680A001413B7 /* Sources */ = {
			isa = PBXSourcesBuildPhase;
			buildActionMask = 2147483647;
			files = (
				E0B782B7192E6C12001413B7 /* FotosView.m in Sources */,
				E0B78286192E680A001413B7 /* AppDelegate.m in Sources */,
				E0B78282192E680A001413B7 /* main.m in Sources */,
				E0B782AB192E68BA001413B7 /* ALScrollPageViewController.m in Sources */,
			);
			runOnlyForDeploymentPostprocessing = 0;
		};
		E0B78289192E680A001413B7 /* Sources */ = {
			isa = PBXSourcesBuildPhase;
			buildActionMask = 2147483647;
			files = (
				E0B7829B192E680B001413B7 /* DesafioFotoTests.m in Sources */,
			);
			runOnlyForDeploymentPostprocessing = 0;
		};
/* End PBXSourcesBuildPhase section */

/* Begin PBXTargetDependency section */
		E0B78293192E680B001413B7 /* PBXTargetDependency */ = {
			isa = PBXTargetDependency;
			target = E0B78271192E680A001413B7 /* DesafioFoto */;
			targetProxy = E0B78292192E680B001413B7 /* PBXContainerItemProxy */;
		};
/* End PBXTargetDependency section */

/* Begin PBXVariantGroup section */
		E0B7827E192E680A001413B7 /* InfoPlist.strings */ = {
			isa = PBXVariantGroup;
			children = (
				E0B7827F192E680A001413B7 /* en */,
			);
			name = InfoPlist.strings;
			sourceTree = "<group>";
		};
		E0B78297192E680B001413B7 /* InfoPlist.strings */ = {
			isa = PBXVariantGroup;
			children = (
				E0B78298192E680B001413B7 /* en */,
			);
			name = InfoPlist.strings;
			sourceTree = "<group>";
		};
/* End PBXVariantGroup section */

/* Begin XCBuildConfiguration section */
		E0B7829C192E680B001413B7 /* Debug */ = {
			isa = XCBuildConfiguration;
			buildSettings = {
				ALWAYS_SEARCH_USER_PATHS = NO;
				CLANG_CXX_LANGUAGE_STANDARD = "gnu++0x";
				CLANG_CXX_LIBRARY = "libc++";
				CLANG_ENABLE_MODULES = YES;
				CLANG_ENABLE_OBJC_ARC = YES;
				CLANG_WARN_BOOL_CONVERSION = YES;
				CLANG_WARN_CONSTANT_CONVERSION = YES;
				CLANG_WARN_DIRECT_OBJC_ISA_USAGE = YES_ERROR;
				CLANG_WARN_EMPTY_BODY = YES;
				CLANG_WARN_ENUM_CONVERSION = YES;
				CLANG_WARN_INT_CONVERSION = YES;
				CLANG_WARN_OBJC_ROOT_CLASS = YES_ERROR;
				CLANG_WARN__DUPLICATE_METHOD_MATCH = YES;
				"CODE_SIGN_IDENTITY[sdk=iphoneos*]" = "iPhone Developer";
				COPY_PHASE_STRIP = NO;
				GCC_C_LANGUAGE_STANDARD = gnu99;
				GCC_DYNAMIC_NO_PIC = NO;
				GCC_OPTIMIZATION_LEVEL = 0;
				GCC_PREPROCESSOR_DEFINITIONS = (
					"DEBUG=1",
					"$(inherited)",
				);
				GCC_SYMBOLS_PRIVATE_EXTERN = NO;
				GCC_WARN_64_TO_32_BIT_CONVERSION = YES;
				GCC_WARN_ABOUT_RETURN_TYPE = YES_ERROR;
				GCC_WARN_UNDECLARED_SELECTOR = YES;
				GCC_WARN_UNINITIALIZED_AUTOS = YES_AGGRESSIVE;
				GCC_WARN_UNUSED_FUNCTION = YES;
				GCC_WARN_UNUSED_VARIABLE = YES;
				IPHONEOS_DEPLOYMENT_TARGET = 7.1;
				ONLY_ACTIVE_ARCH = YES;
				SDKROOT = iphoneos;
				TARGETED_DEVICE_FAMILY = "1,2";
			};
			name = Debug;
		};
		E0B7829D192E680B001413B7 /* Release */ = {
			isa = XCBuildConfiguration;
			buildSettings = {
				ALWAYS_SEARCH_USER_PATHS = NO;
				CLANG_CXX_LANGUAGE_STANDARD = "gnu++0x";
				CLANG_CXX_LIBRARY = "libc++";
				CLANG_ENABLE_MODULES = YES;
				CLANG_ENABLE_OBJC_ARC = YES;
				CLANG_WARN_BOOL_CONVERSION = YES;
				CLANG_WARN_CONSTANT_CONVERSION = YES;
				CLANG_WARN_DIRECT_OBJC_ISA_USAGE = YES_ERROR;
				CLANG_WARN_EMPTY_BODY = YES;
				CLANG_WARN_ENUM_CONVERSION = YES;
				CLANG_WARN_INT_CONVERSION = YES;
				CLANG_WARN_OBJC_ROOT_CLASS = YES_ERROR;
				CLANG_WARN__DUPLICATE_METHOD_MATCH = YES;
				"CODE_SIGN_IDENTITY[sdk=iphoneos*]" = "iPhone Developer";
				COPY_PHASE_STRIP = YES;
				ENABLE_NS_ASSERTIONS = NO;
				GCC_C_LANGUAGE_STANDARD = gnu99;
				GCC_WARN_64_TO_32_BIT_CONVERSION = YES;
				GCC_WARN_ABOUT_RETURN_TYPE = YES_ERROR;
				GCC_WARN_UNDECLARED_SELECTOR = YES;
				GCC_WARN_UNINITIALIZED_AUTOS = YES_AGGRESSIVE;
				GCC_WARN_UNUSED_FUNCTION = YES;
				GCC_WARN_UNUSED_VARIABLE = YES;
				IPHONEOS_DEPLOYMENT_TARGET = 7.1;
				SDKROOT = iphoneos;
				TARGETED_DEVICE_FAMILY = "1,2";
				VALIDATE_PRODUCT = YES;
			};
			name = Release;
		};
		E0B7829F192E680B001413B7 /* Debug */ = {
			isa = XCBuildConfiguration;
			buildSettings = {
				ASSETCATALOG_COMPILER_APPICON_NAME = AppIcon;
				ASSETCATALOG_COMPILER_LAUNCHIMAGE_NAME = LaunchImage;
				GCC_PRECOMPILE_PREFIX_HEADER = YES;
				GCC_PREFIX_HEADER = "DesafioFoto/DesafioFoto-Prefix.pch";
				INFOPLIST_FILE = "DesafioFoto/DesafioFoto-Info.plist";
				PRODUCT_NAME = "$(TARGET_NAME)";
				WRAPPER_EXTENSION = app;
			};
			name = Debug;
		};
		E0B782A0192E680B001413B7 /* Release */ = {
			isa = XCBuildConfiguration;
			buildSettings = {
				ASSETCATALOG_COMPILER_APPICON_NAME = AppIcon;
				ASSETCATALOG_COMPILER_LAUNCHIMAGE_NAME = LaunchImage;
				GCC_PRECOMPILE_PREFIX_HEADER = YES;
				GCC_PREFIX_HEADER = "DesafioFoto/DesafioFoto-Prefix.pch";
				INFOPLIST_FILE = "DesafioFoto/DesafioFoto-Info.plist";
				PRODUCT_NAME = "$(TARGET_NAME)";
				WRAPPER_EXTENSION = app;
			};
			name = Release;
		};
		E0B782A2192E680B001413B7 /* Debug */ = {
			isa = XCBuildConfiguration;
			buildSettings = {
				BUNDLE_LOADER = "$(BUILT_PRODUCTS_DIR)/DesafioFoto.app/DesafioFoto";
				FRAMEWORK_SEARCH_PATHS = (
					"$(SDKROOT)/Developer/Library/Frameworks",
					"$(inherited)",
					"$(DEVELOPER_FRAMEWORKS_DIR)",
				);
				GCC_PRECOMPILE_PREFIX_HEADER = YES;
				GCC_PREFIX_HEADER = "DesafioFoto/DesafioFoto-Prefix.pch";
				GCC_PREPROCESSOR_DEFINITIONS = (
					"DEBUG=1",
					"$(inherited)",
				);
				INFOPLIST_FILE = "DesafioFotoTests/DesafioFotoTests-Info.plist";
				PRODUCT_NAME = "$(TARGET_NAME)";
				TEST_HOST = "$(BUNDLE_LOADER)";
				WRAPPER_EXTENSION = xctest;
			};
			name = Debug;
		};
		E0B782A3192E680B001413B7 /* Release */ = {
			isa = XCBuildConfiguration;
			buildSettings = {
				BUNDLE_LOADER = "$(BUILT_PRODUCTS_DIR)/DesafioFoto.app/DesafioFoto";
				FRAMEWORK_SEARCH_PATHS = (
					"$(SDKROOT)/Developer/Library/Frameworks",
					"$(inherited)",
					"$(DEVELOPER_FRAMEWORKS_DIR)",
				);
				GCC_PRECOMPILE_PREFIX_HEADER = YES;
				GCC_PREFIX_HEADER = "DesafioFoto/DesafioFoto-Prefix.pch";
				INFOPLIST_FILE = "DesafioFotoTests/DesafioFotoTests-Info.plist";
				PRODUCT_NAME = "$(TARGET_NAME)";
				TEST_HOST = "$(BUNDLE_LOADER)";
				WRAPPER_EXTENSION = xctest;
			};
			name = Release;
		};
/* End XCBuildConfiguration section */

/* Begin XCConfigurationList section */
		E0B7826D192E680A001413B7 /* Build configuration list for PBXProject "DesafioFoto" */ = {
			isa = XCConfigurationList;
			buildConfigurations = (
				E0B7829C192E680B001413B7 /* Debug */,
				E0B7829D192E680B001413B7 /* Release */,
			);
			defaultConfigurationIsVisible = 0;
			defaultConfigurationName = Release;
		};
		E0B7829E192E680B001413B7 /* Build configuration list for PBXNativeTarget "DesafioFoto" */ = {
			isa = XCConfigurationList;
			buildConfigurations = (
				E0B7829F192E680B001413B7 /* Debug */,
				E0B782A0192E680B001413B7 /* Release */,
			);
			defaultConfigurationIsVisible = 0;
		};
		E0B782A1192E680B001413B7 /* Build configuration list for PBXNativeTarget "DesafioFotoTests" */ = {
			isa = XCConfigurationList;
			buildConfigurations = (
				E0B782A2192E680B001413B7 /* Debug */,
				E0B782A3192E680B001413B7 /* Release */,
			);
			defaultConfigurationIsVisible = 0;
		};
/* End XCConfigurationList section */
	};
	rootObject = E0B7826A192E680A001413B7 /* Project object */;
}
